
Microsoft Visual Studio Solution File, Format Version 12.00
# Visual Studio Version 17
VisualStudioVersion = 17.2.32129.11
MinimumVisualStudioVersion = 10.0.40219.1
Project("{FAE04EC0-301F-11D3-BF4B-00C04F79EFBC}") = "BeautyShopApp.UWP", "BeautyShopApp\BeautyShopApp.UWP\BeautyShopApp.UWP.csproj", "{0411B852-96FB-44BF-AD5F-75E13A8313B7}"
EndProject
Project("{FAE04EC0-301F-11D3-BF4B-00C04F79EFBC}") = "BeautyShopApp.Android", "BeautyShopApp\BeautyShopApp.Android\BeautyShopApp.Android.csproj", "{23F8106A-D083-405B-B135-0D554748C2A6}"
EndProject
Project("{FAE04EC0-301F-11D3-BF4B-00C04F79EFBC}") = "BeautyShopApp.iOS", "BeautyShopApp\BeautyShopApp.iOS\BeautyShopApp.iOS.csproj", "{FD3C7BCF-6C6A-44B0-B612-8FFAF4E01ABB}"
EndProject
Project("{FAE04EC0-301F-11D3-BF4B-00C04F79EFBC}") = "BeautyShopApp", "BeautyShopApp\BeautyShopApp\BeautyShopApp.csproj", "{301B14A1-BD08-447F-B641-51A842A6CBBB}"
EndProject
Global
	GlobalSection(SolutionConfigurationPlatforms) = preSolution
		Debug|Any CPU = Debug|Any CPU
		Debug|ARM = Debug|ARM
		Debug|iPhone = Debug|iPhone
		Debug|iPhoneSimulator = Debug|iPhoneSimulator
		Debug|x64 = Debug|x64
		Debug|x86 = Debug|x86
		Release|Any CPU = Release|Any CPU
		Release|ARM = Release|ARM
		Release|iPhone = Release|iPhone
		Release|iPhoneSimulator = Release|iPhoneSimulator
		Release|x64 = Release|x64
		Release|x86 = Release|x86
	EndGlobalSection
	GlobalSection(ProjectConfigurationPlatforms) = postSolution
		{0411B852-96FB-44BF-AD5F-75E13A8313B7}.Debug|Any CPU.ActiveCfg = Debug|x64
		{0411B852-96FB-44BF-AD5F-75E13A8313B7}.Debug|Any CPU.Build.0 = Debug|x64
		{0411B852-96FB-44BF-AD5F-75E13A8313B7}.Debug|Any CPU.Deploy.0 = Debug|x64
		{0411B852-96FB-44BF-AD5F-75E13A8313B7}.Debug|ARM.ActiveCfg = Debug|ARM
		{0411B852-96FB-44BF-AD5F-75E13A8313B7}.Debug|ARM.Build.0 = Debug|ARM
		{0411B852-96FB-44BF-AD5F-75E13A8313B7}.Debug|ARM.Deploy.0 = Debug|ARM
		{0411B852-96FB-44BF-AD5F-75E13A8313B7}.Debug|iPhone.ActiveCfg = Debug|x64
		{0411B852-96FB-44BF-AD5F-75E13A8313B7}.Debug|iPhone.Build.0 = Debug|x64
		{0411B852-96FB-44BF-AD5F-75E13A8313B7}.Debug|iPhone.Deploy.0 = Debug|x64
		{0411B852-96FB-44BF-AD5F-75E13A8313B7}.Debug|iPhoneSimulator.ActiveCfg = Debug|x64
		{0411B852-96FB-44BF-AD5F-75E13A8313B7}.Debug|iPhoneSimulator.Build.0 = Debug|x64
		{0411B852-96FB-44BF-AD5F-75E13A8313B7}.Debug|iPhoneSimulator.Deploy.0 = Debug|x64
		{0411B852-96FB-44BF-AD5F-75E13A8313B7}.Debug|x64.ActiveCfg = Debug|x64
		{0411B852-96FB-44BF-AD5F-75E13A8313B7}.Debug|x64.Build.0 = Debug|x64
		{0411B852-96FB-44BF-AD5F-75E13A8313B7}.Debug|x64.Deploy.0 = Debug|x64
		{0411B852-96FB-44BF-AD5F-75E13A8313B7}.Debug|x86.ActiveCfg = Debug|x86
		{0411B852-96FB-44BF-AD5F-75E13A8313B7}.Debug|x86.Build.0 = Debug|x86
		{0411B852-96FB-44BF-AD5F-75E13A8313B7}.Debug|x86.Deploy.0 = Debug|x86
		{0411B852-96FB-44BF-AD5F-75E13A8313B7}.Release|Any CPU.ActiveCfg = Release|x64
		{0411B852-96FB-44BF-AD5F-75E13A8313B7}.Release|Any CPU.Build.0 = Release|x64
		{0411B852-96FB-44BF-AD5F-75E13A8313B7}.Release|Any CPU.Deploy.0 = Release|x64
		{0411B852-96FB-44BF-AD5F-75E13A8313B7}.Release|ARM.ActiveCfg = Release|ARM
		{0411B852-96FB-44BF-AD5F-75E13A8313B7}.Release|ARM.Build.0 = Release|ARM
		{0411B852-96FB-44BF-AD5F-75E13A8313B7}.Release|ARM.Deploy.0 = Release|ARM
		{0411B852-96FB-44BF-AD5F-75E13A8313B7}.Release|iPhone.ActiveCfg = Release|x64
		{0411B852-96FB-44BF-AD5F-75E13A8313B7}.Release|iPhone.Build.0 = Release|x64
		{0411B852-96FB-44BF-AD5F-75E13A8313B7}.Release|iPhone.Deploy.0 = Release|x64
		{0411B852-96FB-44BF-AD5F-75E13A8313B7}.Release|iPhoneSimulator.ActiveCfg = Release|x64
		{0411B852-96FB-44BF-AD5F-75E13A8313B7}.Release|iPhoneSimulator.Build.0 = Release|x64
		{0411B852-96FB-44BF-AD5F-75E13A8313B7}.Release|iPhoneSimulator.Deploy.0 = Release|x64
		{0411B852-96FB-44BF-AD5F-75E13A8313B7}.Release|x64.ActiveCfg = Release|x64
		{0411B852-96FB-44BF-AD5F-75E13A8313B7}.Release|x64.Build.0 = Release|x64
		{0411B852-96FB-44BF-AD5F-75E13A8313B7}.Release|x64.Deploy.0 = Release|x64
		{0411B852-96FB-44BF-AD5F-75E13A8313B7}.Release|x86.ActiveCfg = Release|x86
		{0411B852-96FB-44BF-AD5F-75E13A8313B7}.Release|x86.Build.0 = Release|x86
		{0411B852-96FB-44BF-AD5F-75E13A8313B7}.Release|x86.Deploy.0 = Release|x86
		{23F8106A-D083-405B-B135-0D554748C2A6}.Debug|Any CPU.ActiveCfg = Debug|Any CPU
		{23F8106A-D083-405B-B135-0D554748C2A6}.Debug|Any CPU.Build.0 = Debug|Any CPU
		{23F8106A-D083-405B-B135-0D554748C2A6}.Debug|Any CPU.Deploy.0 = Debug|Any CPU
		{23F8106A-D083-405B-B135-0D554748C2A6}.Debug|ARM.ActiveCfg = Debug|Any CPU
		{23F8106A-D083-405B-B135-0D554748C2A6}.Debug|ARM.Build.0 = Debug|Any CPU
		{23F8106A-D083-405B-B135-0D554748C2A6}.Debug|ARM.Deploy.0 = Debug|Any CPU
		{23F8106A-D083-405B-B135-0D554748C2A6}.Debug|iPhone.ActiveCfg = Debug|Any CPU
		{23F8106A-D083-405B-B135-0D554748C2A6}.Debug|iPhone.Build.0 = Debug|Any CPU
		{23F8106A-D083-405B-B135-0D554748C2A6}.Debug|iPhone.Deploy.0 = Debug|Any CPU
		{23F8106A-D083-405B-B135-0D554748C2A6}.Debug|iPhoneSimulator.ActiveCfg = Debug|Any CPU
		{23F8106A-D083-405B-B135-0D554748C2A6}.Debug|iPhoneSimulator.Build.0 = Debug|Any CPU
		{23F8106A-D083-405B-B135-0D554748C2A6}.Debug|iPhoneSimulator.Deploy.0 = Debug|Any CPU
		{23F8106A-D083-405B-B135-0D554748C2A6}.Debug|x64.ActiveCfg = Debug|Any CPU
		{23F8106A-D083-405B-B135-0D554748C2A6}.Debug|x64.Build.0 = Debug|Any CPU
		{23F8106A-D083-405B-B135-0D554748C2A6}.Debug|x64.Deploy.0 = Debug|Any CPU
		{23F8106A-D083-405B-B135-0D554748C2A6}.Debug|x86.ActiveCfg = Debug|Any CPU
		{23F8106A-D083-405B-B135-0D554748C2A6}.Debug|x86.Build.0 = Debug|Any CPU
		{23F8106A-D083-405B-B135-0D554748C2A6}.Debug|x86.Deploy.0 = Debug|Any CPU
		{23F8106A-D083-405B-B135-0D554748C2A6}.Release|Any CPU.ActiveCfg = Release|Any CPU
		{23F8106A-D083-405B-B135-0D554748C2A6}.Release|Any CPU.Build.0 = Release|Any CPU
		{23F8106A-D083-405B-B135-0D554748C2A6}.Release|Any CPU.Deploy.0 = Release|Any CPU
		{23F8106A-D083-405B-B135-0D554748C2A6}.Release|ARM.ActiveCfg = Release|Any CPU
		{23F8106A-D083-405B-B135-0D554748C2A6}.Release|ARM.Build.0 = Release|Any CPU
		{23F8106A-D083-405B-B135-0D554748C2A6}.Release|ARM.Deploy.0 = Release|Any CPU
		{23F8106A-D083-405B-B135-0D554748C2A6}.Release|iPhone.ActiveCfg = Release|Any CPU
		{23F8106A-D083-405B-B135-0D554748C2A6}.Release|iPhone.Build.0 = Release|Any CPU
		{23F8106A-D083-405B-B135-0D554748C2A6}.Release|iPhone.Deploy.0 = Release|Any CPU
		{23F8106A-D083-405B-B135-0D554748C2A6}.Release|iPhoneSimulator.ActiveCfg = Release|Any CPU
		{23F8106A-D083-405B-B135-0D554748C2A6}.Release|iPhoneSimulator.Build.0 = Release|Any CPU
		{23F8106A-D083-405B-B135-0D554748C2A6}.Release|iPhoneSimulator.Deploy.0 = Release|Any CPU
		{23F8106A-D083-405B-B135-0D554748C2A6}.Release|x64.ActiveCfg = Release|Any CPU
		{23F8106A-D083-405B-B135-0D554748C2A6}.Release|x64.Build.0 = Release|Any CPU
		{23F8106A-D083-405B-B135-0D554748C2A6}.Release|x64.Deploy.0 = Release|Any CPU
		{23F8106A-D083-405B-B135-0D554748C2A6}.Release|x86.ActiveCfg = Release|Any CPU
		{23F8106A-D083-405B-B135-0D554748C2A6}.Release|x86.Build.0 = Release|Any CPU
		{23F8106A-D083-405B-B135-0D554748C2A6}.Release|x86.Deploy.0 = Release|Any CPU
		{FD3C7BCF-6C6A-44B0-B612-8FFAF4E01ABB}.Debug|Any CPU.ActiveCfg = Debug|iPhoneSimulator
		{FD3C7BCF-6C6A-44B0-B612-8FFAF4E01ABB}.Debug|Any CPU.Build.0 = Debug|iPhoneSimulator
		{FD3C7BCF-6C6A-44B0-B612-8FFAF4E01ABB}.Debug|Any CPU.Deploy.0 = Debug|iPhoneSimulator
		{FD3C7BCF-6C6A-44B0-B612-8FFAF4E01ABB}.Debug|ARM.ActiveCfg = Debug|iPhoneSimulator
		{FD3C7BCF-6C6A-44B0-B612-8FFAF4E01ABB}.Debug|ARM.Build.0 = Debug|iPhoneSimulator
		{FD3C7BCF-6C6A-44B0-B612-8FFAF4E01ABB}.Debug|ARM.Deploy.0 = Debug|iPhoneSimulator
		{FD3C7BCF-6C6A-44B0-B612-8FFAF4E01ABB}.Debug|iPhone.ActiveCfg = Debug|iPhone
		{FD3C7BCF-6C6A-44B0-B612-8FFAF4E01ABB}.Debug|iPhone.Build.0 = Debug|iPhone
		{FD3C7BCF-6C6A-44B0-B612-8FFAF4E01ABB}.Debug|iPhone.Deploy.0 = Debug|iPhone
		{FD3C7BCF-6C6A-44B0-B612-8FFAF4E01ABB}.Debug|iPhoneSimulator.ActiveCfg = Debug|iPhoneSimulator
		{FD3C7BCF-6C6A-44B0-B612-8FFAF4E01ABB}.Debug|iPhoneSimulator.Build.0 = Debug|iPhoneSimulator
		{FD3C7BCF-6C6A-44B0-B612-8FFAF4E01ABB}.Debug|iPhoneSimulator.Deploy.0 = Debug|iPhoneSimulator
		{FD3C7BCF-6C6A-44B0-B612-8FFAF4E01ABB}.Debug|x64.ActiveCfg = Debug|iPhone
		{FD3C7BCF-6C6A-44B0-B612-8FFAF4E01ABB}.Debug|x64.Build.0 = Debug|iPhone
		{FD3C7BCF-6C6A-44B0-B612-8FFAF4E01ABB}.Debug|x64.Deploy.0 = Debug|iPhone
		{FD3C7BCF-6C6A-44B0-B612-8FFAF4E01ABB}.Debug|x86.ActiveCfg = Debug|iPhoneSimulator
		{FD3C7BCF-6C6A-44B0-B612-8FFAF4E01ABB}.Debug|x86.Build.0 = Debug|iPhoneSimulator
		{FD3C7BCF-6C6A-44B0-B612-8FFAF4E01ABB}.Debug|x86.Deploy.0 = Debug|iPhoneSimulator
		{FD3C7BCF-6C6A-44B0-B612-8FFAF4E01ABB}.Release|Any CPU.ActiveCfg = Release|iPhoneSimulator
		{FD3C7BCF-6C6A-44B0-B612-8FFAF4E01ABB}.Release|Any CPU.Build.0 = Release|iPhoneSimulator
		{FD3C7BCF-6C6A-44B0-B612-8FFAF4E01ABB}.Release|Any CPU.Deploy.0 = Release|iPhoneSimulator
		{FD3C7BCF-6C6A-44B0-B612-8FFAF4E01ABB}.Release|ARM.ActiveCfg = Release|iPhoneSimulator
		{FD3C7BCF-6C6A-44B0-B612-8FFAF4E01ABB}.Release|ARM.Build.0 = Release|iPhoneSimulator
		{FD3C7BCF-6C6A-44B0-B612-8FFAF4E01ABB}.Release|ARM.Deploy.0 = Release|iPhoneSimulator
		{FD3C7BCF-6C6A-44B0-B612-8FFAF4E01ABB}.Release|iPhone.ActiveCfg = Release|iPhone
		{FD3C7BCF-6C6A-44B0-B612-8FFAF4E01ABB}.Release|iPhone.Build.0 = Release|iPhone
		{FD3C7BCF-6C6A-44B0-B612-8FFAF4E01ABB}.Release|iPhone.Deploy.0 = Release|iPhone
		{FD3C7BCF-6C6A-44B0-B612-8FFAF4E01ABB}.Release|iPhoneSimulator.ActiveCfg = Release|iPhoneSimulator
		{FD3C7BCF-6C6A-44B0-B612-8FFAF4E01ABB}.Release|iPhoneSimulator.Build.0 = Release|iPhoneSimulator
		{FD3C7BCF-6C6A-44B0-B612-8FFAF4E01ABB}.Release|iPhoneSimulator.Deploy.0 = Release|iPhoneSimulator
		{FD3C7BCF-6C6A-44B0-B612-8FFAF4E01ABB}.Release|x64.ActiveCfg = Release|iPhoneSimulator
		{FD3C7BCF-6C6A-44B0-B612-8FFAF4E01ABB}.Release|x64.Build.0 = Release|iPhoneSimulator
		{FD3C7BCF-6C6A-44B0-B612-8FFAF4E01ABB}.Release|x64.Deploy.0 = Release|iPhoneSimulator
		{FD3C7BCF-6C6A-44B0-B612-8FFAF4E01ABB}.Release|x86.ActiveCfg = Release|iPhoneSimulator
		{FD3C7BCF-6C6A-44B0-B612-8FFAF4E01ABB}.Release|x86.Build.0 = Release|iPhoneSimulator
		{FD3C7BCF-6C6A-44B0-B612-8FFAF4E01ABB}.Release|x86.Deploy.0 = Release|iPhoneSimulator
		{301B14A1-BD08-447F-B641-51A842A6CBBB}.Debug|Any CPU.ActiveCfg = Debug|Any CPU
		{301B14A1-BD08-447F-B641-51A842A6CBBB}.Debug|Any CPU.Build.0 = Debug|Any CPU
		{301B14A1-BD08-447F-B641-51A842A6CBBB}.Debug|Any CPU.Deploy.0 = Debug|Any CPU
		{301B14A1-BD08-447F-B641-51A842A6CBBB}.Debug|ARM.ActiveCfg = Debug|Any CPU
		{301B14A1-BD08-447F-B641-51A842A6CBBB}.Debug|ARM.Build.0 = Debug|Any CPU
		{301B14A1-BD08-447F-B641-51A842A6CBBB}.Debug|ARM.Deploy.0 = Debug|Any CPU
		{301B14A1-BD08-447F-B641-51A842A6CBBB}.Debug|iPhone.ActiveCfg = Debug|Any CPU
		{301B14A1-BD08-447F-B641-51A842A6CBBB}.Debug|iPhone.Build.0 = Debug|Any CPU
		{301B14A1-BD08-447F-B641-51A842A6CBBB}.Debug|iPhone.Deploy.0 = Debug|Any CPU
		{301B14A1-BD08-447F-B641-51A842A6CBBB}.Debug|iPhoneSimulator.ActiveCfg = Debug|Any CPU
		{301B14A1-BD08-447F-B641-51A842A6CBBB}.Debug|iPhoneSimulator.Build.0 = Debug|Any CPU
		{301B14A1-BD08-447F-B641-51A842A6CBBB}.Debug|iPhoneSimulator.Deploy.0 = Debug|Any CPU
		{301B14A1-BD08-447F-B641-51A842A6CBBB}.Debug|x64.ActiveCfg = Debug|Any CPU
		{301B14A1-BD08-447F-B641-51A842A6CBBB}.Debug|x64.Build.0 = Debug|Any CPU
		{301B14A1-BD08-447F-B641-51A842A6CBBB}.Debug|x64.Deploy.0 = Debug|Any CPU
		{301B14A1-BD08-447F-B641-51A842A6CBBB}.Debug|x86.ActiveCfg = Debug|Any CPU
		{301B14A1-BD08-447F-B641-51A842A6CBBB}.Debug|x86.Build.0 = Debug|Any CPU
		{301B14A1-BD08-447F-B641-51A842A6CBBB}.Debug|x86.Deploy.0 = Debug|Any CPU
		{301B14A1-BD08-447F-B641-51A842A6CBBB}.Release|Any CPU.ActiveCfg = Release|Any CPU
		{301B14A1-BD08-447F-B641-51A842A6CBBB}.Release|Any CPU.Build.0 = Release|Any CPU
		{301B14A1-BD08-447F-B641-51A842A6CBBB}.Release|Any CPU.Deploy.0 = Release|Any CPU
		{301B14A1-BD08-447F-B641-51A842A6CBBB}.Release|ARM.ActiveCfg = Release|Any CPU
		{301B14A1-BD08-447F-B641-51A842A6CBBB}.Release|ARM.Build.0 = Release|Any CPU
		{301B14A1-BD08-447F-B641-51A842A6CBBB}.Release|ARM.Deploy.0 = Release|Any CPU
		{301B14A1-BD08-447F-B641-51A842A6CBBB}.Release|iPhone.ActiveCfg = Release|Any CPU
		{301B14A1-BD08-447F-B641-51A842A6CBBB}.Release|iPhone.Build.0 = Release|Any CPU
		{301B14A1-BD08-447F-B641-51A842A6CBBB}.Release|iPhone.Deploy.0 = Release|Any CPU
		{301B14A1-BD08-447F-B641-51A842A6CBBB}.Release|iPhoneSimulator.ActiveCfg = Release|Any CPU
		{301B14A1-BD08-447F-B641-51A842A6CBBB}.Release|iPhoneSimulator.Build.0 = Release|Any CPU
		{301B14A1-BD08-447F-B641-51A842A6CBBB}.Release|iPhoneSimulator.Deploy.0 = Release|Any CPU
		{301B14A1-BD08-447F-B641-51A842A6CBBB}.Release|x64.ActiveCfg = Release|Any CPU
		{301B14A1-BD08-447F-B641-51A842A6CBBB}.Release|x64.Build.0 = Release|Any CPU
		{301B14A1-BD08-447F-B641-51A842A6CBBB}.Release|x64.Deploy.0 = Release|Any CPU
		{301B14A1-BD08-447F-B641-51A842A6CBBB}.Release|x86.ActiveCfg = Release|Any CPU
		{301B14A1-BD08-447F-B641-51A842A6CBBB}.Release|x86.Build.0 = Release|Any CPU
		{301B14A1-BD08-447F-B641-51A842A6CBBB}.Release|x86.Deploy.0 = Release|Any CPU
	EndGlobalSection
	GlobalSection(SolutionProperties) = preSolution
		HideSolutionNode = FALSE
	EndGlobalSection
	GlobalSection(ExtensibilityGlobals) = postSolution
		SolutionGuid = {83BED529-CB5B-47CB-A0D2-A93FB631D44C}
	EndGlobalSection
EndGlobal
